github.com/tobiashort/ansi v0.0.0-20250416201302-7f32a30d024d h1:fRlgbWGhXjTW+a21e/l/N62IDabBAo8McEM3Uz3ksrE=
github.com/tobiashort/ansi v0.0.0-20250416201302-7f32a30d024d/go.mod h1:b2WFClnpZoiubreCPu38KwTIBZIMxFTuejr1fsQL9U8=
github.com/tobiashort/cfmt v0.0.0-20250419072841-9ad53823ae44 h1:WZj2rMwmNXZFa+75Hebhwv33IjiAFwoUlAX8iJ8JWJU=
github.com/tobiashort/cfmt v0.0.0-20250419072841-9ad53823ae44/go.mod h1:815T7zrm0Q4Bfmg2L2U9KSJCz8qvdh4dyHc+kZXrOh8=
github.com/tobiashort/isatty v0.0.0-20250419072540-9a4b01f48059 h1:OecrBlSf4CYZ3tXmYg5Hof3GFP8gihplyMiJMrHUOcA=
github.com/tobiashort/isatty v0.0.0-20250419072540-9a4b01f48059/go.mod h1:KqRjpp4GPCJ4koQ9sva+8Qn04UXw/4xbHxo50KEN+fo=
